
Microsoft Visual Studio Solution File, Format Version 12.00
# Visual Studio Version 17
VisualStudioVersion = 17.8.34408.163
MinimumVisualStudioVersion = 10.0.40219.1
Project("{8BC9CEB8-8B4A-11D0-8D11-00A0C91BC942}") = "lab-2", "lab-2\lab-2.vcxproj", "{3F790A18-1520-4303-AB0E-650D99B31BD5}"
EndProject
Project("{8BC9CEB8-8B4A-11D0-8D11-00A0C91BC942}") = "lab-3-1", "lab-3\lab-3.vcxproj", "{9A439362-C8E4-4586-9623-43865FC347D1}"
EndProject
Project("{8BC9CEB8-8B4A-11D0-8D11-00A0C91BC942}") = "lab-3-2", "lab-3-2\lab-3-2.vcxproj", "{6587AC78-347B-448C-86FE-D10930E1790A}"
EndProject
Project("{8BC9CEB8-8B4A-11D0-8D11-00A0C91BC942}") = "lab-4-1", "lab-4-1\lab-4-1.vcxproj", "{871456F2-EF1D-4E59-965B-D4500CD0A4E1}"
EndProject
Project("{8BC9CEB8-8B4A-11D0-8D11-00A0C91BC942}") = "lab-4-2", "lab-4-2\lab-4-2.vcxproj", "{9E4A5069-095D-409C-A0BE-08F5304A81EA}"
EndProject
Project("{8BC9CEB8-8B4A-11D0-8D11-00A0C91BC942}") = "lab-5", "lab-5\lab-5.vcxproj", "{E49CE608-544F-4973-B243-47F20374F93C}"
EndProject
Project("{8BC9CEB8-8B4A-11D0-8D11-00A0C91BC942}") = "lab-6", "lab-6\lab-6.vcxproj", "{D72F8694-7EB5-4C6D-B07B-41BF1665B801}"
EndProject
Project("{8BC9CEB8-8B4A-11D0-8D11-00A0C91BC942}") = "lab-7", "lab-7\lab-7.vcxproj", "{DC967C9D-DB98-4E3C-9051-CD83C5098F94}"
EndProject
Project("{8BC9CEB8-8B4A-11D0-8D11-00A0C91BC942}") = "lab-8", "lab-8\lab-8.vcxproj", "{F8AC196A-8521-47AF-9EAE-E7D5A465B52D}"
EndProject
Project("{8BC9CEB8-8B4A-11D0-8D11-00A0C91BC942}") = "lab-9", "lab-9\lab-9.vcxproj", "{405F85DC-954B-471D-B0CA-182ACDBDE704}"
EndProject
Project("{8BC9CEB8-8B4A-11D0-8D11-00A0C91BC942}") = "lab-10", "lab-10\lab-10.vcxproj", "{2BB360DB-8FC9-499B-86FD-633441FBF17D}"
EndProject
Project("{8BC9CEB8-8B4A-11D0-8D11-00A0C91BC942}") = "lab-1", "lab-1\lab-1.vcxproj", "{0BDE67D3-3BBE-461F-BAC5-9219186AD012}"
EndProject
Project("{8BC9CEB8-8B4A-11D0-8D11-00A0C91BC942}") = "homework-table", "homework-table\homework-table.vcxproj", "{34F7B0A9-17C4-477B-8E72-EA9A993A7DE4}"
EndProject
Project("{8BC9CEB8-8B4A-11D0-8D11-00A0C91BC942}") = "lab-11-1", "lab-11-1\lab-11-1.vcxproj", "{7023FECD-3F05-4C96-AD8D-2BFC4FA5741C}"
EndProject
Project("{8BC9CEB8-8B4A-11D0-8D11-00A0C91BC942}") = "lab-11-2", "lab-11-2\lab-11-2.vcxproj", "{E4DF7508-0389-4655-9354-3469FA1EFFE9}"
EndProject
Global
	GlobalSection(SolutionConfigurationPlatforms) = preSolution
		Debug|x64 = Debug|x64
		Debug|x86 = Debug|x86
		Release|x64 = Release|x64
		Release|x86 = Release|x86
	EndGlobalSection
	GlobalSection(ProjectConfigurationPlatforms) = postSolution
		{3F790A18-1520-4303-AB0E-650D99B31BD5}.Debug|x64.ActiveCfg = Debug|x64
		{3F790A18-1520-4303-AB0E-650D99B31BD5}.Debug|x64.Build.0 = Debug|x64
		{3F790A18-1520-4303-AB0E-650D99B31BD5}.Debug|x86.ActiveCfg = Debug|Win32
		{3F790A18-1520-4303-AB0E-650D99B31BD5}.Debug|x86.Build.0 = Debug|Win32
		{3F790A18-1520-4303-AB0E-650D99B31BD5}.Release|x64.ActiveCfg = Release|x64
		{3F790A18-1520-4303-AB0E-650D99B31BD5}.Release|x64.Build.0 = Release|x64
		{3F790A18-1520-4303-AB0E-650D99B31BD5}.Release|x86.ActiveCfg = Release|Win32
		{3F790A18-1520-4303-AB0E-650D99B31BD5}.Release|x86.Build.0 = Release|Win32
		{9A439362-C8E4-4586-9623-43865FC347D1}.Debug|x64.ActiveCfg = Debug|x64
		{9A439362-C8E4-4586-9623-43865FC347D1}.Debug|x64.Build.0 = Debug|x64
		{9A439362-C8E4-4586-9623-43865FC347D1}.Debug|x86.ActiveCfg = Debug|Win32
		{9A439362-C8E4-4586-9623-43865FC347D1}.Debug|x86.Build.0 = Debug|Win32
		{9A439362-C8E4-4586-9623-43865FC347D1}.Release|x64.ActiveCfg = Release|x64
		{9A439362-C8E4-4586-9623-43865FC347D1}.Release|x64.Build.0 = Release|x64
		{9A439362-C8E4-4586-9623-43865FC347D1}.Release|x86.ActiveCfg = Release|Win32
		{9A439362-C8E4-4586-9623-43865FC347D1}.Release|x86.Build.0 = Release|Win32
		{6587AC78-347B-448C-86FE-D10930E1790A}.Debug|x64.ActiveCfg = Debug|x64
		{6587AC78-347B-448C-86FE-D10930E1790A}.Debug|x64.Build.0 = Debug|x64
		{6587AC78-347B-448C-86FE-D10930E1790A}.Debug|x86.ActiveCfg = Debug|Win32
		{6587AC78-347B-448C-86FE-D10930E1790A}.Debug|x86.Build.0 = Debug|Win32
		{6587AC78-347B-448C-86FE-D10930E1790A}.Release|x64.ActiveCfg = Release|x64
		{6587AC78-347B-448C-86FE-D10930E1790A}.Release|x64.Build.0 = Release|x64
		{6587AC78-347B-448C-86FE-D10930E1790A}.Release|x86.ActiveCfg = Release|Win32
		{6587AC78-347B-448C-86FE-D10930E1790A}.Release|x86.Build.0 = Release|Win32
		{871456F2-EF1D-4E59-965B-D4500CD0A4E1}.Debug|x64.ActiveCfg = Debug|x64
		{871456F2-EF1D-4E59-965B-D4500CD0A4E1}.Debug|x64.Build.0 = Debug|x64
		{871456F2-EF1D-4E59-965B-D4500CD0A4E1}.Debug|x86.ActiveCfg = Debug|Win32
		{871456F2-EF1D-4E59-965B-D4500CD0A4E1}.Debug|x86.Build.0 = Debug|Win32
		{871456F2-EF1D-4E59-965B-D4500CD0A4E1}.Release|x64.ActiveCfg = Release|x64
		{871456F2-EF1D-4E59-965B-D4500CD0A4E1}.Release|x64.Build.0 = Release|x64
		{871456F2-EF1D-4E59-965B-D4500CD0A4E1}.Release|x86.ActiveCfg = Release|Win32
		{871456F2-EF1D-4E59-965B-D4500CD0A4E1}.Release|x86.Build.0 = Release|Win32
		{9E4A5069-095D-409C-A0BE-08F5304A81EA}.Debug|x64.ActiveCfg = Debug|x64
		{9E4A5069-095D-409C-A0BE-08F5304A81EA}.Debug|x64.Build.0 = Debug|x64
		{9E4A5069-095D-409C-A0BE-08F5304A81EA}.Debug|x86.ActiveCfg = Debug|Win32
		{9E4A5069-095D-409C-A0BE-08F5304A81EA}.Debug|x86.Build.0 = Debug|Win32
		{9E4A5069-095D-409C-A0BE-08F5304A81EA}.Release|x64.ActiveCfg = Release|x64
		{9E4A5069-095D-409C-A0BE-08F5304A81EA}.Release|x64.Build.0 = Release|x64
		{9E4A5069-095D-409C-A0BE-08F5304A81EA}.Release|x86.ActiveCfg = Release|Win32
		{9E4A5069-095D-409C-A0BE-08F5304A81EA}.Release|x86.Build.0 = Release|Win32
		{E49CE608-544F-4973-B243-47F20374F93C}.Debug|x64.ActiveCfg = Debug|x64
		{E49CE608-544F-4973-B243-47F20374F93C}.Debug|x64.Build.0 = Debug|x64
		{E49CE608-544F-4973-B243-47F20374F93C}.Debug|x86.ActiveCfg = Debug|Win32
		{E49CE608-544F-4973-B243-47F20374F93C}.Debug|x86.Build.0 = Debug|Win32
		{E49CE608-544F-4973-B243-47F20374F93C}.Release|x64.ActiveCfg = Release|x64
		{E49CE608-544F-4973-B243-47F20374F93C}.Release|x64.Build.0 = Release|x64
		{E49CE608-544F-4973-B243-47F20374F93C}.Release|x86.ActiveCfg = Release|Win32
		{E49CE608-544F-4973-B243-47F20374F93C}.Release|x86.Build.0 = Release|Win32
		{D72F8694-7EB5-4C6D-B07B-41BF1665B801}.Debug|x64.ActiveCfg = Debug|x64
		{D72F8694-7EB5-4C6D-B07B-41BF1665B801}.Debug|x64.Build.0 = Debug|x64
		{D72F8694-7EB5-4C6D-B07B-41BF1665B801}.Debug|x86.ActiveCfg = Debug|Win32
		{D72F8694-7EB5-4C6D-B07B-41BF1665B801}.Debug|x86.Build.0 = Debug|Win32
		{D72F8694-7EB5-4C6D-B07B-41BF1665B801}.Release|x64.ActiveCfg = Release|x64
		{D72F8694-7EB5-4C6D-B07B-41BF1665B801}.Release|x64.Build.0 = Release|x64
		{D72F8694-7EB5-4C6D-B07B-41BF1665B801}.Release|x86.ActiveCfg = Release|Win32
		{D72F8694-7EB5-4C6D-B07B-41BF1665B801}.Release|x86.Build.0 = Release|Win32
		{DC967C9D-DB98-4E3C-9051-CD83C5098F94}.Debug|x64.ActiveCfg = Debug|x64
		{DC967C9D-DB98-4E3C-9051-CD83C5098F94}.Debug|x64.Build.0 = Debug|x64
		{DC967C9D-DB98-4E3C-9051-CD83C5098F94}.Debug|x86.ActiveCfg = Debug|Win32
		{DC967C9D-DB98-4E3C-9051-CD83C5098F94}.Debug|x86.Build.0 = Debug|Win32
		{DC967C9D-DB98-4E3C-9051-CD83C5098F94}.Release|x64.ActiveCfg = Release|x64
		{DC967C9D-DB98-4E3C-9051-CD83C5098F94}.Release|x64.Build.0 = Release|x64
		{DC967C9D-DB98-4E3C-9051-CD83C5098F94}.Release|x86.ActiveCfg = Release|Win32
		{DC967C9D-DB98-4E3C-9051-CD83C5098F94}.Release|x86.Build.0 = Release|Win32
		{F8AC196A-8521-47AF-9EAE-E7D5A465B52D}.Debug|x64.ActiveCfg = Debug|x64
		{F8AC196A-8521-47AF-9EAE-E7D5A465B52D}.Debug|x64.Build.0 = Debug|x64
		{F8AC196A-8521-47AF-9EAE-E7D5A465B52D}.Debug|x86.ActiveCfg = Debug|Win32
		{F8AC196A-8521-47AF-9EAE-E7D5A465B52D}.Debug|x86.Build.0 = Debug|Win32
		{F8AC196A-8521-47AF-9EAE-E7D5A465B52D}.Release|x64.ActiveCfg = Release|x64
		{F8AC196A-8521-47AF-9EAE-E7D5A465B52D}.Release|x64.Build.0 = Release|x64
		{F8AC196A-8521-47AF-9EAE-E7D5A465B52D}.Release|x86.ActiveCfg = Release|Win32
		{F8AC196A-8521-47AF-9EAE-E7D5A465B52D}.Release|x86.Build.0 = Release|Win32
		{405F85DC-954B-471D-B0CA-182ACDBDE704}.Debug|x64.ActiveCfg = Debug|x64
		{405F85DC-954B-471D-B0CA-182ACDBDE704}.Debug|x64.Build.0 = Debug|x64
		{405F85DC-954B-471D-B0CA-182ACDBDE704}.Debug|x86.ActiveCfg = Debug|Win32
		{405F85DC-954B-471D-B0CA-182ACDBDE704}.Debug|x86.Build.0 = Debug|Win32
		{405F85DC-954B-471D-B0CA-182ACDBDE704}.Release|x64.ActiveCfg = Release|x64
		{405F85DC-954B-471D-B0CA-182ACDBDE704}.Release|x64.Build.0 = Release|x64
		{405F85DC-954B-471D-B0CA-182ACDBDE704}.Release|x86.ActiveCfg = Release|Win32
		{405F85DC-954B-471D-B0CA-182ACDBDE704}.Release|x86.Build.0 = Release|Win32
		{2BB360DB-8FC9-499B-86FD-633441FBF17D}.Debug|x64.ActiveCfg = Debug|x64
		{2BB360DB-8FC9-499B-86FD-633441FBF17D}.Debug|x64.Build.0 = Debug|x64
		{2BB360DB-8FC9-499B-86FD-633441FBF17D}.Debug|x86.ActiveCfg = Debug|Win32
		{2BB360DB-8FC9-499B-86FD-633441FBF17D}.Debug|x86.Build.0 = Debug|Win32
		{2BB360DB-8FC9-499B-86FD-633441FBF17D}.Release|x64.ActiveCfg = Release|x64
		{2BB360DB-8FC9-499B-86FD-633441FBF17D}.Release|x64.Build.0 = Release|x64
		{2BB360DB-8FC9-499B-86FD-633441FBF17D}.Release|x86.ActiveCfg = Release|Win32
		{2BB360DB-8FC9-499B-86FD-633441FBF17D}.Release|x86.Build.0 = Release|Win32
		{0BDE67D3-3BBE-461F-BAC5-9219186AD012}.Debug|x64.ActiveCfg = Debug|x64
		{0BDE67D3-3BBE-461F-BAC5-9219186AD012}.Debug|x64.Build.0 = Debug|x64
		{0BDE67D3-3BBE-461F-BAC5-9219186AD012}.Debug|x86.ActiveCfg = Debug|Win32
		{0BDE67D3-3BBE-461F-BAC5-9219186AD012}.Debug|x86.Build.0 = Debug|Win32
		{0BDE67D3-3BBE-461F-BAC5-9219186AD012}.Release|x64.ActiveCfg = Release|x64
		{0BDE67D3-3BBE-461F-BAC5-9219186AD012}.Release|x64.Build.0 = Release|x64
		{0BDE67D3-3BBE-461F-BAC5-9219186AD012}.Release|x86.ActiveCfg = Release|Win32
		{0BDE67D3-3BBE-461F-BAC5-9219186AD012}.Release|x86.Build.0 = Release|Win32
		{34F7B0A9-17C4-477B-8E72-EA9A993A7DE4}.Debug|x64.ActiveCfg = Debug|x64
		{34F7B0A9-17C4-477B-8E72-EA9A993A7DE4}.Debug|x64.Build.0 = Debug|x64
		{34F7B0A9-17C4-477B-8E72-EA9A993A7DE4}.Debug|x86.ActiveCfg = Debug|Win32
		{34F7B0A9-17C4-477B-8E72-EA9A993A7DE4}.Debug|x86.Build.0 = Debug|Win32
		{34F7B0A9-17C4-477B-8E72-EA9A993A7DE4}.Release|x64.ActiveCfg = Release|x64
		{34F7B0A9-17C4-477B-8E72-EA9A993A7DE4}.Release|x64.Build.0 = Release|x64
		{34F7B0A9-17C4-477B-8E72-EA9A993A7DE4}.Release|x86.ActiveCfg = Release|Win32
		{34F7B0A9-17C4-477B-8E72-EA9A993A7DE4}.Release|x86.Build.0 = Release|Win32
		{7023FECD-3F05-4C96-AD8D-2BFC4FA5741C}.Debug|x64.ActiveCfg = Debug|x64
		{7023FECD-3F05-4C96-AD8D-2BFC4FA5741C}.Debug|x64.Build.0 = Debug|x64
		{7023FECD-3F05-4C96-AD8D-2BFC4FA5741C}.Debug|x86.ActiveCfg = Debug|Win32
		{7023FECD-3F05-4C96-AD8D-2BFC4FA5741C}.Debug|x86.Build.0 = Debug|Win32
		{7023FECD-3F05-4C96-AD8D-2BFC4FA5741C}.Release|x64.ActiveCfg = Release|x64
		{7023FECD-3F05-4C96-AD8D-2BFC4FA5741C}.Release|x64.Build.0 = Release|x64
		{7023FECD-3F05-4C96-AD8D-2BFC4FA5741C}.Release|x86.ActiveCfg = Release|Win32
		{7023FECD-3F05-4C96-AD8D-2BFC4FA5741C}.Release|x86.Build.0 = Release|Win32
		{E4DF7508-0389-4655-9354-3469FA1EFFE9}.Debug|x64.ActiveCfg = Debug|x64
		{E4DF7508-0389-4655-9354-3469FA1EFFE9}.Debug|x64.Build.0 = Debug|x64
		{E4DF7508-0389-4655-9354-3469FA1EFFE9}.Debug|x86.ActiveCfg = Debug|Win32
		{E4DF7508-0389-4655-9354-3469FA1EFFE9}.Debug|x86.Build.0 = Debug|Win32
		{E4DF7508-0389-4655-9354-3469FA1EFFE9}.Release|x64.ActiveCfg = Release|x64
		{E4DF7508-0389-4655-9354-3469FA1EFFE9}.Release|x64.Build.0 = Release|x64
		{E4DF7508-0389-4655-9354-3469FA1EFFE9}.Release|x86.ActiveCfg = Release|Win32
		{E4DF7508-0389-4655-9354-3469FA1EFFE9}.Release|x86.Build.0 = Release|Win32
	EndGlobalSection
	GlobalSection(SolutionProperties) = preSolution
		HideSolutionNode = FALSE
	EndGlobalSection
	GlobalSection(ExtensibilityGlobals) = postSolution
		SolutionGuid = {F13C56CB-3910-4B1D-9BFC-AACC9CB084AE}
	EndGlobalSection
EndGlobal
